PODS:
  - DTPhotoViewerController (3.1.1)

DEPENDENCIES:
  - DTPhotoViewerController (from `../`)

EXTERNAL SOURCES:
  DTPhotoViewerController:
    :path: "../"

SPEC CHECKSUMS:
  DTPhotoViewerController: 964e794b715ae29c3bffaca90c81ff8407d22e2a

PODFILE CHECKSUM: cb183aee7391944f34b9894e335e95e445ed81af

COCOAPODS: 1.12.1
